
Microsoft Visual Studio Solution File, Format Version 12.00
# Visual Studio Version 16
VisualStudioVersion = 16.0.31729.503
MinimumVisualStudioVersion = 10.0.40219.1
Project("{FAE04EC0-301F-11D3-BF4B-00C04F79EFBC}") = "QLKSThangLong", "QLKSThangLong\QLKSThangLong.csproj", "{28677C35-AAD5-4384-AAE7-27DE3D54D647}"
EndProject
Project("{54435603-DBB4-11D2-8724-00A0C9A8B90C}") = "Setup1", "Setup1\Setup1.vdproj", "{C9FE49BF-6C92-442D-99BD-01F8643E5FF5}"
EndProject
Global
	GlobalSection(SolutionConfigurationPlatforms) = preSolution
		Debug|Any CPU = Debug|Any CPU
		Release|Any CPU = Release|Any CPU
	EndGlobalSection
	GlobalSection(ProjectConfigurationPlatforms) = postSolution
		{28677C35-AAD5-4384-AAE7-27DE3D54D647}.Debug|Any CPU.ActiveCfg = Debug|Any CPU
		{28677C35-AAD5-4384-AAE7-27DE3D54D647}.Debug|Any CPU.Build.0 = Debug|Any CPU
		{28677C35-AAD5-4384-AAE7-27DE3D54D647}.Release|Any CPU.ActiveCfg = Release|Any CPU
		{28677C35-AAD5-4384-AAE7-27DE3D54D647}.Release|Any CPU.Build.0 = Release|Any CPU
		{C9FE49BF-6C92-442D-99BD-01F8643E5FF5}.Debug|Any CPU.ActiveCfg = Debug
		{C9FE49BF-6C92-442D-99BD-01F8643E5FF5}.Release|Any CPU.ActiveCfg = Release
	EndGlobalSection
	GlobalSection(SolutionProperties) = preSolution
		HideSolutionNode = FALSE
	EndGlobalSection
	GlobalSection(ExtensibilityGlobals) = postSolution
		SolutionGuid = {E73D5F89-3F99-47DF-A756-5B48B76CB7D8}
	EndGlobalSection
EndGlobal
